
Microsoft Visual Studio Solution File, Format Version 12.00
# Visual Studio Version 17
VisualStudioVersion = 17.8.34316.72
MinimumVisualStudioVersion = 10.0.40219.1
Project("{9A19103F-16F7-4668-BE54-9A1E7A4F7556}") = "MakeItSimple", "MakeItSimple\MakeItSimple.csproj", "{EDB57EBA-E82C-4842-A8AC-17D0C735B9B5}"
EndProject
Project("{FAE04EC0-301F-11D3-BF4B-00C04F79EFBC}") = "MakeItSimple.QualityCheck", "MakeItSimple.QualityCheck\MakeItSimple.QualityCheck.csproj", "{8121DE2B-5C4E-499D-8AA6-2D8F1C394335}"
EndProject
Global
	GlobalSection(SolutionConfigurationPlatforms) = preSolution
		Debug|Any CPU = Debug|Any CPU
		Release|Any CPU = Release|Any CPU
	EndGlobalSection
	GlobalSection(ProjectConfigurationPlatforms) = postSolution
		{EDB57EBA-E82C-4842-A8AC-17D0C735B9B5}.Debug|Any CPU.ActiveCfg = Debug|Any CPU
		{EDB57EBA-E82C-4842-A8AC-17D0C735B9B5}.Debug|Any CPU.Build.0 = Debug|Any CPU
		{EDB57EBA-E82C-4842-A8AC-17D0C735B9B5}.Release|Any CPU.ActiveCfg = Release|Any CPU
		{EDB57EBA-E82C-4842-A8AC-17D0C735B9B5}.Release|Any CPU.Build.0 = Release|Any CPU
		{8121DE2B-5C4E-499D-8AA6-2D8F1C394335}.Debug|Any CPU.ActiveCfg = Debug|Any CPU
		{8121DE2B-5C4E-499D-8AA6-2D8F1C394335}.Debug|Any CPU.Build.0 = Debug|Any CPU
		{8121DE2B-5C4E-499D-8AA6-2D8F1C394335}.Release|Any CPU.ActiveCfg = Release|Any CPU
		{8121DE2B-5C4E-499D-8AA6-2D8F1C394335}.Release|Any CPU.Build.0 = Release|Any CPU
	EndGlobalSection
	GlobalSection(SolutionProperties) = preSolution
		HideSolutionNode = FALSE
	EndGlobalSection
	GlobalSection(ExtensibilityGlobals) = postSolution
		SolutionGuid = {85315433-530F-49B1-85CF-006454B27096}
	EndGlobalSection
EndGlobal
